Microsoft Visual Studio Solution File, Format Version 12.00
# Visual Studio Version 16
VisualStudioVersion = 16.0.0.0
MinimumVisualStudioVersion = 16.0.0.0
Project("{9A19103F-16F7-4668-BE54-9A1E7A4F7556}") = "gamershop.Server", "Server\gamershop.Server.csproj", "{9CB67317-65EE-4041-88B5-8A413EDB7716}"
EndProject
Project("{9A19103F-16F7-4668-BE54-9A1E7A4F7556}") = "gamershop.Client", "Client\gamershop.Client.csproj", "{94E1C182-3C0D-45E7-9DEB-30A8A099F401}"
EndProject
Project("{9A19103F-16F7-4668-BE54-9A1E7A4F7556}") = "gamershop.Shared", "Shared\gamershop.Shared.csproj", "{870CAEF9-82C2-44F3-812C-EFFF723044FB}"
EndProject
Global
	GlobalSection(SolutionConfigurationPlatforms) = preSolution
		Debug|Any CPU = Debug|Any CPU
		Debug|x64 = Debug|x64
		Debug|x86 = Debug|x86
		Release|Any CPU = Release|Any CPU
		Release|x64 = Release|x64
		Release|x86 = Release|x86
	EndGlobalSection
	GlobalSection(ProjectConfigurationPlatforms) = postSolution
		{94E1C182-3C0D-45E7-9DEB-30A8A099F401}.Debug|Any CPU.ActiveCfg = Debug|Any CPU
		{94E1C182-3C0D-45E7-9DEB-30A8A099F401}.Debug|Any CPU.Build.0 = Debug|Any CPU
		{94E1C182-3C0D-45E7-9DEB-30A8A099F401}.Debug|x64.ActiveCfg = Debug|Any CPU
		{94E1C182-3C0D-45E7-9DEB-30A8A099F401}.Debug|x64.Build.0 = Debug|Any CPU
		{94E1C182-3C0D-45E7-9DEB-30A8A099F401}.Debug|x86.ActiveCfg = Debug|Any CPU
		{94E1C182-3C0D-45E7-9DEB-30A8A099F401}.Debug|x86.Build.0 = Debug|Any CPU
		{94E1C182-3C0D-45E7-9DEB-30A8A099F401}.Release|Any CPU.ActiveCfg = Release|Any CPU
		{94E1C182-3C0D-45E7-9DEB-30A8A099F401}.Release|Any CPU.Build.0 = Release|Any CPU
		{94E1C182-3C0D-45E7-9DEB-30A8A099F401}.Release|x64.ActiveCfg = Release|Any CPU
		{94E1C182-3C0D-45E7-9DEB-30A8A099F401}.Release|x64.Build.0 = Release|Any CPU
		{94E1C182-3C0D-45E7-9DEB-30A8A099F401}.Release|x86.ActiveCfg = Release|Any CPU
		{94E1C182-3C0D-45E7-9DEB-30A8A099F401}.Release|x86.Build.0 = Release|Any CPU
		{9CB67317-65EE-4041-88B5-8A413EDB7716}.Debug|Any CPU.ActiveCfg = Debug|Any CPU
		{9CB67317-65EE-4041-88B5-8A413EDB7716}.Debug|Any CPU.Build.0 = Debug|Any CPU
		{9CB67317-65EE-4041-88B5-8A413EDB7716}.Debug|x64.ActiveCfg = Debug|Any CPU
		{9CB67317-65EE-4041-88B5-8A413EDB7716}.Debug|x64.Build.0 = Debug|Any CPU
		{9CB67317-65EE-4041-88B5-8A413EDB7716}.Debug|x86.ActiveCfg = Debug|Any CPU
		{9CB67317-65EE-4041-88B5-8A413EDB7716}.Debug|x86.Build.0 = Debug|Any CPU
		{9CB67317-65EE-4041-88B5-8A413EDB7716}.Release|Any CPU.ActiveCfg = Release|Any CPU
		{9CB67317-65EE-4041-88B5-8A413EDB7716}.Release|Any CPU.Build.0 = Release|Any CPU
		{9CB67317-65EE-4041-88B5-8A413EDB7716}.Release|x64.ActiveCfg = Release|Any CPU
		{9CB67317-65EE-4041-88B5-8A413EDB7716}.Release|x64.Build.0 = Release|Any CPU
		{9CB67317-65EE-4041-88B5-8A413EDB7716}.Release|x86.ActiveCfg = Release|Any CPU
		{9CB67317-65EE-4041-88B5-8A413EDB7716}.Release|x86.Build.0 = Release|Any CPU
		{870CAEF9-82C2-44F3-812C-EFFF723044FB}.Debug|Any CPU.ActiveCfg = Debug|Any CPU
		{870CAEF9-82C2-44F3-812C-EFFF723044FB}.Debug|Any CPU.Build.0 = Debug|Any CPU
		{870CAEF9-82C2-44F3-812C-EFFF723044FB}.Debug|x64.ActiveCfg = Debug|Any CPU
		{870CAEF9-82C2-44F3-812C-EFFF723044FB}.Debug|x64.Build.0 = Debug|Any CPU
		{870CAEF9-82C2-44F3-812C-EFFF723044FB}.Debug|x86.ActiveCfg = Debug|Any CPU
		{870CAEF9-82C2-44F3-812C-EFFF723044FB}.Debug|x86.Build.0 = Debug|Any CPU
		{870CAEF9-82C2-44F3-812C-EFFF723044FB}.Release|Any CPU.ActiveCfg = Release|Any CPU
		{870CAEF9-82C2-44F3-812C-EFFF723044FB}.Release|Any CPU.Build.0 = Release|Any CPU
		{870CAEF9-82C2-44F3-812C-EFFF723044FB}.Release|x64.ActiveCfg = Release|Any CPU
		{870CAEF9-82C2-44F3-812C-EFFF723044FB}.Release|x64.Build.0 = Release|Any CPU
		{870CAEF9-82C2-44F3-812C-EFFF723044FB}.Release|x86.ActiveCfg = Release|Any CPU
		{870CAEF9-82C2-44F3-812C-EFFF723044FB}.Release|x86.Build.0 = Release|Any CPU
	EndGlobalSection
	GlobalSection(SolutionProperties) = preSolution
		HideSolutionNode = FALSE
	EndGlobalSection
	GlobalSection(ExtensibilityGlobals) = postSolution
		SolutionGuid = {91868743-04DF-44AB-A1EB-90395DF435E9}
	EndGlobalSection
EndGlobal